
Microsoft Visual Studio Solution File, Format Version 12.00
# Visual Studio Version 17
VisualStudioVersion = 17.7.34202.233
MinimumVisualStudioVersion = 10.0.40219.1
Project("{FAE04EC0-301F-11D3-BF4B-00C04F79EFBC}") = "Clinica_CDI", "Clinica_CDI.csproj", "{E7E675D6-DAF3-43D1-A3FD-40622965ED39}"
EndProject
Global
	GlobalSection(SolutionConfigurationPlatforms) = preSolution
		Debug|Any CPU = Debug|Any CPU
		Release|Any CPU = Release|Any CPU
	EndGlobalSection
	GlobalSection(ProjectConfigurationPlatforms) = postSolution
		{E7E675D6-DAF3-43D1-A3FD-40622965ED39}.Debug|Any CPU.ActiveCfg = Debug|Any CPU
		{E7E675D6-DAF3-43D1-A3FD-40622965ED39}.Debug|Any CPU.Build.0 = Debug|Any CPU
		{E7E675D6-DAF3-43D1-A3FD-40622965ED39}.Release|Any CPU.ActiveCfg = Release|Any CPU
		{E7E675D6-DAF3-43D1-A3FD-40622965ED39}.Release|Any CPU.Build.0 = Release|Any CPU
	EndGlobalSection
	GlobalSection(SolutionProperties) = preSolution
		HideSolutionNode = FALSE
	EndGlobalSection
	GlobalSection(ExtensibilityGlobals) = postSolution
		SolutionGuid = {048BB0A1-110C-4F92-BC29-B3301DE042FB}
	EndGlobalSection
EndGlobal
